
Microsoft Visual Studio Solution File, Format Version 12.00
# Visual Studio 2013
VisualStudioVersion = 12.0.40629.0
MinimumVisualStudioVersion = 10.0.40219.1
Project("{FAE04EC0-301F-11D3-BF4B-00C04F79EFBC}") = "Bai5", "Bai5\Bai5.csproj", "{D1810CF8-4DE0-4411-ABE2-405245585A46}"
EndProject
Project("{FAE04EC0-301F-11D3-BF4B-00C04F79EFBC}") = "Bai5_2", "Bai5_2\Bai5_2.csproj", "{6C46DBD4-9F1B-41A7-96AC-D0C957ACE713}"
EndProject
Global
	GlobalSection(SolutionConfigurationPlatforms) = preSolution
		Debug|Any CPU = Debug|Any CPU
		Release|Any CPU = Release|Any CPU
	EndGlobalSection
	GlobalSection(ProjectConfigurationPlatforms) = postSolution
		{D1810CF8-4DE0-4411-ABE2-405245585A46}.Debug|Any CPU.ActiveCfg = Debug|Any CPU
		{D1810CF8-4DE0-4411-ABE2-405245585A46}.Debug|Any CPU.Build.0 = Debug|Any CPU
		{D1810CF8-4DE0-4411-ABE2-405245585A46}.Release|Any CPU.ActiveCfg = Release|Any CPU
		{D1810CF8-4DE0-4411-ABE2-405245585A46}.Release|Any CPU.Build.0 = Release|Any CPU
		{6C46DBD4-9F1B-41A7-96AC-D0C957ACE713}.Debug|Any CPU.ActiveCfg = Debug|Any CPU
		{6C46DBD4-9F1B-41A7-96AC-D0C957ACE713}.Debug|Any CPU.Build.0 = Debug|Any CPU
		{6C46DBD4-9F1B-41A7-96AC-D0C957ACE713}.Release|Any CPU.ActiveCfg = Release|Any CPU
		{6C46DBD4-9F1B-41A7-96AC-D0C957ACE713}.Release|Any CPU.Build.0 = Release|Any CPU
	EndGlobalSection
	GlobalSection(SolutionProperties) = preSolution
		HideSolutionNode = FALSE
	EndGlobalSection
EndGlobal
